// !$*UTF8*$!
{
	archiveVersion = 1;
	classes = {
	};
	objectVersion = 56;
	objects = {

/* Begin PBXBuildFile section */
		B31BF6AF2A36841A00764D73 /* Patient_RecordsApp.swift in Sources */ = {isa = PBXBuildFile; fileRef = B31BF6AE2A36841A00764D73 /* Patient_RecordsApp.swift */; };
		B31BF6B12A36841A00764D73 /* ContentView.swift in Sources */ = {isa = PBXBuildFile; fileRef = B31BF6B02A36841A00764D73 /* ContentView.swift */; };
		B31BF6B32A36841E00764D73 /* Assets.xcassets in Resources */ = {isa = PBXBuildFile; fileRef = B31BF6B22A36841E00764D73 /* Assets.xcassets */; };
		B31BF6B62A36841E00764D73 /* Preview Assets.xcassets in Resources */ = {isa = PBXBuildFile; fileRef = B31BF6B52A36841E00764D73 /* Preview Assets.xcassets */; };
		B31BF6C02A36841E00764D73 /* Patient_RecordsTests.swift in Sources */ = {isa = PBXBuildFile; fileRef = B31BF6BF2A36841E00764D73 /* Patient_RecordsTests.swift */; };
		B31BF6CA2A36841E00764D73 /* Patient_RecordsUITests.swift in Sources */ = {isa = PBXBuildFile; fileRef = B31BF6C92A36841E00764D73 /* Patient_RecordsUITests.swift */; };
		B31BF6CC2A36841E00764D73 /* Patient_RecordsUITestsLaunchTests.swift in Sources */ = {isa = PBXBuildFile; fileRef = B31BF6CB2A36841E00764D73 /* Patient_RecordsUITestsLaunchTests.swift */; };
/* End PBXBuildFile section */

/* Begin PBXContainerItemProxy section */
		B31BF6BC2A36841E00764D73 /* PBXContainerItemProxy */ = {
			isa = PBXContainerItemProxy;
			containerPortal = B31BF6A32A36841A00764D73 /* Project object */;
			proxyType = 1;
			remoteGlobalIDString = B31BF6AA2A36841A00764D73;
			remoteInfo = "Patient Records";
		};
		B31BF6C62A36841E00764D73 /* PBXContainerItemProxy */ = {
			isa = PBXContainerItemProxy;
			containerPortal = B31BF6A32A36841A00764D73 /* Project object */;
			proxyType = 1;
			remoteGlobalIDString = B31BF6AA2A36841A00764D73;
			remoteInfo = "Patient Records";
		};
/* End PBXContainerItemProxy section */

/* Begin PBXFileReference section */
		B31BF6AB2A36841A00764D73 /* Patient Records.app */ = {isa = PBXFileReference; explicitFileType = wrapper.application; includeInIndex = 0; path = "Patient Records.app"; sourceTree = BUILT_PRODUCTS_DIR; };
		B31BF6AE2A36841A00764D73 /* Patient_RecordsApp.swift */ = {isa = PBXFileReference; lastKnownFileType = sourcecode.swift; path = Patient_RecordsApp.swift; sourceTree = "<group>"; };
		B31BF6B02A36841A00764D73 /* ContentView.swift */ = {isa = PBXFileReference; lastKnownFileType = sourcecode.swift; path = ContentView.swift; sourceTree = "<group>"; };
		B31BF6B22A36841E00764D73 /* Assets.xcassets */ = {isa = PBXFileReference; lastKnownFileType = folder.assetcatalog; path = Assets.xcassets; sourceTree = "<group>"; };
		B31BF6B52A36841E00764D73 /* Preview Assets.xcassets */ = {isa = PBXFileReference; lastKnownFileType = folder.assetcatalog; path = "Preview Assets.xcassets"; sourceTree = "<group>"; };
		B31BF6BB2A36841E00764D73 /* Patient RecordsTests.xctest */ = {isa = PBXFileReference; explicitFileType = wrapper.cfbundle; includeInIndex = 0; path = "Patient RecordsTests.xctest"; sourceTree = BUILT_PRODUCTS_DIR; };
		B31BF6BF2A36841E00764D73 /* Patient_RecordsTests.swift */ = {isa = PBXFileReference; lastKnownFileType = sourcecode.swift; path = Patient_RecordsTests.swift; sourceTree = "<group>"; };
		B31BF6C52A36841E00764D73 /* Patient RecordsUITests.xctest */ = {isa = PBXFileReference; explicitFileType = wrapper.cfbundle; includeInIndex = 0; path = "Patient RecordsUITests.xctest"; sourceTree = BUILT_PRODUCTS_DIR; };
		B31BF6C92A36841E00764D73 /* Patient_RecordsUITests.swift */ = {isa = PBXFileReference; lastKnownFileType = sourcecode.swift; path = Patient_RecordsUITests.swift; sourceTree = "<group>"; };
		B31BF6CB2A36841E00764D73 /* Patient_RecordsUITestsLaunchTests.swift */ = {isa = PBXFileReference; lastKnownFileType = sourcecode.swift; path = Patient_RecordsUITestsLaunchTests.swift; sourceTree = "<group>"; };
/* End PBXFileReference section */

/* Begin PBXFrameworksBuildPhase section */
		B31BF6A82A36841A00764D73 /* Frameworks */ = {
			isa = PBXFrameworksBuildPhase;
			buildActionMask = 2147483647;
			files = (
			);
			runOnlyForDeploymentPostprocessing = 0;
		};
		B31BF6B82A36841E00764D73 /* Frameworks */ = {
			isa = PBXFrameworksBuildPhase;
			buildActionMask = 2147483647;
			files = (
			);
			runOnlyForDeploymentPostprocessing = 0;
		};
		B31BF6C22A36841E00764D73 /* Frameworks */ = {
			isa = PBXFrameworksBuildPhase;
			buildActionMask = 2147483647;
			files = (
			);
			runOnlyForDeploymentPostprocessing = 0;
		};
/* End PBXFrameworksBuildPhase section */

/* Begin PBXGroup section */
		B31BF6A22A36841A00764D73 = {
			isa = PBXGroup;
			children = (
				B31BF6AD2A36841A00764D73 /* Patient Records */,
				B31BF6BE2A36841E00764D73 /* Patient RecordsTests */,
				B31BF6C82A36841E00764D73 /* Patient RecordsUITests */,
				B31BF6AC2A36841A00764D73 /* Products */,
			);
			sourceTree = "<group>";
		};
		B31BF6AC2A36841A00764D73 /* Products */ = {
			isa = PBXGroup;
			children = (
				B31BF6AB2A36841A00764D73 /* Patient Records.app */,
				B31BF6BB2A36841E00764D73 /* Patient RecordsTests.xctest */,
				B31BF6C52A36841E00764D73 /* Patient RecordsUITests.xctest */,
			);
			name = Products;
			sourceTree = "<group>";
		};
		B31BF6AD2A36841A00764D73 /* Patient Records */ = {
			isa = PBXGroup;
			children = (
				B31BF6AE2A36841A00764D73 /* Patient_RecordsApp.swift */,
				B31BF6B02A36841A00764D73 /* ContentView.swift */,
				B31BF6B22A36841E00764D73 /* Assets.xcassets */,
				B31BF6B42A36841E00764D73 /* Preview Content */,
			);
			path = "Patient Records";
			sourceTree = "<group>";
		};
		B31BF6B42A36841E00764D73 /* Preview Content */ = {
			isa = PBXGroup;
			children = (
				B31BF6B52A36841E00764D73 /* Preview Assets.xcassets */,
			);
			path = "Preview Content";
			sourceTree = "<group>";
		};
		B31BF6BE2A36841E00764D73 /* Patient RecordsTests */ = {
			isa = PBXGroup;
			children = (
				B31BF6BF2A36841E00764D73 /* Patient_RecordsTests.swift */,
			);
			path = "Patient RecordsTests";
			sourceTree = "<group>";
		};
		B31BF6C82A36841E00764D73 /* Patient RecordsUITests */ = {
			isa = PBXGroup;
			children = (
				B31BF6C92A36841E00764D73 /* Patient_RecordsUITests.swift */,
				B31BF6CB2A36841E00764D73 /* Patient_RecordsUITestsLaunchTests.swift */,
			);
			path = "Patient RecordsUITests";
			sourceTree = "<group>";
		};
/* End PBXGroup section */

/* Begin PBXNativeTarget section */
		B31BF6AA2A36841A00764D73 /* Patient Records */ = {
			isa = PBXNativeTarget;
			buildConfigurationList = B31BF6CF2A36841E00764D73 /* Build configuration list for PBXNativeTarget "Patient Records" */;
			buildPhases = (
				B31BF6A72A36841A00764D73 /* Sources */,
				B31BF6A82A36841A00764D73 /* Frameworks */,
				B31BF6A92A36841A00764D73 /* Resources */,
			);
			buildRules = (
			);
			dependencies = (
			);
			name = "Patient Records";
			productName = "Patient Records";
			productReference = B31BF6AB2A36841A00764D73 /* Patient Records.app */;
			productType = "com.apple.product-type.application";
		};
		B31BF6BA2A36841E00764D73 /* Patient RecordsTests */ = {
			isa = PBXNativeTarget;
			buildConfigurationList = B31BF6D22A36841E00764D73 /* Build configuration list for PBXNativeTarget "Patient RecordsTests" */;
			buildPhases = (
				B31BF6B72A36841E00764D73 /* Sources */,
				B31BF6B82A36841E00764D73 /* Frameworks */,
				B31BF6B92A36841E00764D73 /* Resources */,
			);
			buildRules = (
			);
			dependencies = (
				B31BF6BD2A36841E00764D73 /* PBXTargetDependency */,
			);
			name = "Patient RecordsTests";
			productName = "Patient RecordsTests";
			productReference = B31BF6BB2A36841E00764D73 /* Patient RecordsTests.xctest */;
			productType = "com.apple.product-type.bundle.unit-test";
		};
		B31BF6C42A36841E00764D73 /* Patient RecordsUITests */ = {
			isa = PBXNativeTarget;
			buildConfigurationList = B31BF6D52A36841E00764D73 /* Build configuration list for PBXNativeTarget "Patient RecordsUITests" */;
			buildPhases = (
				B31BF6C12A36841E00764D73 /* Sources */,
				B31BF6C22A36841E00764D73 /* Frameworks */,
				B31BF6C32A36841E00764D73 /* Resources */,
			);
			buildRules = (
			);
			dependencies = (
				B31BF6C72A36841E00764D73 /* PBXTargetDependency */,
			);
			name = "Patient RecordsUITests";
			productName = "Patient RecordsUITests";
			productReference = B31BF6C52A36841E00764D73 /* Patient RecordsUITests.xctest */;
			productType = "com.apple.product-type.bundle.ui-testing";
		};
/* End PBXNativeTarget section */

/* Begin PBXProject section */
		B31BF6A32A36841A00764D73 /* Project object */ = {
			isa = PBXProject;
			attributes = {
				BuildIndependentTargetsInParallel = 1;
				LastSwiftUpdateCheck = 1420;
				LastUpgradeCheck = 1420;
				TargetAttributes = {
					B31BF6AA2A36841A00764D73 = {
						CreatedOnToolsVersion = 14.2;
					};
					B31BF6BA2A36841E00764D73 = {
						CreatedOnToolsVersion = 14.2;
						TestTargetID = B31BF6AA2A36841A00764D73;
					};
					B31BF6C42A36841E00764D73 = {
						CreatedOnToolsVersion = 14.2;
						TestTargetID = B31BF6AA2A36841A00764D73;
					};
				};
			};
			buildConfigurationList = B31BF6A62A36841A00764D73 /* Build configuration list for PBXProject "Patient Records" */;
			compatibilityVersion = "Xcode 14.0";
			developmentRegion = en;
			hasScannedForEncodings = 0;
			knownRegions = (
				en,
				Base,
			);
			mainGroup = B31BF6A22A36841A00764D73;
			productRefGroup = B31BF6AC2A36841A00764D73 /* Products */;
			projectDirPath = "";
			projectRoot = "";
			targets = (
				B31BF6AA2A36841A00764D73 /* Patient Records */,
				B31BF6BA2A36841E00764D73 /* Patient RecordsTests */,
				B31BF6C42A36841E00764D73 /* Patient RecordsUITests */,
			);
		};
/* End PBXProject section */

/* Begin PBXResourcesBuildPhase section */
		B31BF6A92A36841A00764D73 /* Resources */ = {
			isa = PBXResourcesBuildPhase;
			buildActionMask = 2147483647;
			files = (
				B31BF6B62A36841E00764D73 /* Preview Assets.xcassets in Resources */,
				B31BF6B32A36841E00764D73 /* Assets.xcassets in Resources */,
			);
			runOnlyForDeploymentPostprocessing = 0;
		};
		B31BF6B92A36841E00764D73 /* Resources */ = {
			isa = PBXResourcesBuildPhase;
			buildActionMask = 2147483647;
			files = (
			);
			runOnlyForDeploymentPostprocessing = 0;
		};
		B31BF6C32A36841E00764D73 /* Resources */ = {
			isa = PBXResourcesBuildPhase;
			buildActionMask = 2147483647;
			files = (
			);
			runOnlyForDeploymentPostprocessing = 0;
		};
/* End PBXResourcesBuildPhase section */

/* Begin PBXSourcesBuildPhase section */
		B31BF6A72A36841A00764D73 /* Sources */ = {
			isa = PBXSourcesBuildPhase;
			buildActionMask = 2147483647;
			files = (
				B31BF6B12A36841A00764D73 /* ContentView.swift in Sources */,
				B31BF6AF2A36841A00764D73 /* Patient_RecordsApp.swift in Sources */,
			);
			runOnlyForDeploymentPostprocessing = 0;
		};
		B31BF6B72A36841E00764D73 /* Sources */ = {
			isa = PBXSourcesBuildPhase;
			buildActionMask = 2147483647;
			files = (
				B31BF6C02A36841E00764D73 /* Patient_RecordsTests.swift in Sources */,
			);
			runOnlyForDeploymentPostprocessing = 0;
		};
		B31BF6C12A36841E00764D73 /* Sources */ = {
			isa = PBXSourcesBuildPhase;
			buildActionMask = 2147483647;
			files = (
				B31BF6CA2A36841E00764D73 /* Patient_RecordsUITests.swift in Sources */,
				B31BF6CC2A36841E00764D73 /* Patient_RecordsUITestsLaunchTests.swift in Sources */,
			);
			runOnlyForDeploymentPostprocessing = 0;
		};
/* End PBXSourcesBuildPhase section */

/* Begin PBXTargetDependency section */
		B31BF6BD2A36841E00764D73 /* PBXTargetDependency */ = {
			isa = PBXTargetDependency;
			target = B31BF6AA2A36841A00764D73 /* Patient Records */;
			targetProxy = B31BF6BC2A36841E00764D73 /* PBXContainerItemProxy */;
		};
		B31BF6C72A36841E00764D73 /* PBXTargetDependency */ = {
			isa = PBXTargetDependency;
			target = B31BF6AA2A36841A00764D73 /* Patient Records */;
			targetProxy = B31BF6C62A36841E00764D73 /* PBXContainerItemProxy */;
		};
/* End PBXTargetDependency section */

/* Begin XCBuildConfiguration section */
		B31BF6CD2A36841E00764D73 /* Debug */ = {
			isa = XCBuildConfiguration;
			buildSettings = {
				ALWAYS_SEARCH_USER_PATHS = NO;
				CLANG_ANALYZER_NONNULL = YES;
				CLANG_ANALYZER_NUMBER_OBJECT_CONVERSION = YES_AGGRESSIVE;
				CLANG_CXX_LANGUAGE_STANDARD = "gnu++20";
				CLANG_ENABLE_MODULES = YES;
				CLANG_ENABLE_OBJC_ARC = YES;
				CLANG_ENABLE_OBJC_WEAK = YES;
				CLANG_WARN_BLOCK_CAPTURE_AUTORELEASING = YES;
				CLANG_WARN_BOOL_CONVERSION = YES;
				CLANG_WARN_COMMA = YES;
				CLANG_WARN_CONSTANT_CONVERSION = YES;
				CLANG_WARN_DEPRECATED_OBJC_IMPLEMENTATIONS = YES;
				CLANG_WARN_DIRECT_OBJC_ISA_USAGE = YES_ERROR;
				CLANG_WARN_DOCUMENTATION_COMMENTS = YES;
				CLANG_WARN_EMPTY_BODY = YES;
				CLANG_WARN_ENUM_CONVERSION = YES;
				CLANG_WARN_INFINITE_RECURSION = YES;
				CLANG_WARN_INT_CONVERSION = YES;
				CLANG_WARN_NON_LITERAL_NULL_CONVERSION = YES;
				CLANG_WARN_OBJC_IMPLICIT_RETAIN_SELF = YES;
				CLANG_WARN_OBJC_LITERAL_CONVERSION = YES;
				CLANG_WARN_OBJC_ROOT_CLASS = YES_ERROR;
				CLANG_WARN_QUOTED_INCLUDE_IN_FRAMEWORK_HEADER = YES;
				CLANG_WARN_RANGE_LOOP_ANALYSIS = YES;
				CLANG_WARN_STRICT_PROTOTYPES = YES;
				CLANG_WARN_SUSPICIOUS_MOVE = YES;
				CLANG_WARN_UNGUARDED_AVAILABILITY = YES_AGGRESSIVE;
				CLANG_WARN_UNREACHABLE_CODE = YES;
				CLANG_WARN__DUPLICATE_METHOD_MATCH = YES;
				COPY_PHASE_STRIP = NO;
				DEBUG_INFORMATION_FORMAT = dwarf;
				ENABLE_STRICT_OBJC_MSGSEND = YES;
				ENABLE_TESTABILITY = YES;
				GCC_C_LANGUAGE_STANDARD = gnu11;
				GCC_DYNAMIC_NO_PIC = NO;
				GCC_NO_COMMON_BLOCKS = YES;
				GCC_OPTIMIZATION_LEVEL = 0;
				GCC_PREPROCESSOR_DEFINITIONS = (
					"DEBUG=1",
					"$(inherited)",
				);
				GCC_WARN_64_TO_32_BIT_CONVERSION = YES;
				GCC_WARN_ABOUT_RETURN_TYPE = YES_ERROR;
				GCC_WARN_UNDECLARED_SELECTOR = YES;
				GCC_WARN_UNINITIALIZED_AUTOS = YES_AGGRESSIVE;
				GCC_WARN_UNUSED_FUNCTION = YES;
				GCC_WARN_UNUSED_VARIABLE = YES;
				IPHONEOS_DEPLOYMENT_TARGET = 16.2;
				MTL_ENABLE_DEBUG_INFO = INCLUDE_SOURCE;
				MTL_FAST_MATH = YES;
				ONLY_ACTIVE_ARCH = YES;
				SDKROOT = iphoneos;
				SWIFT_ACTIVE_COMPILATION_CONDITIONS = DEBUG;
				SWIFT_OPTIMIZATION_LEVEL = "-Onone";
			};
			name = Debug;
		};
		B31BF6CE2A36841E00764D73 /* Release */ = {
			isa = XCBuildConfiguration;
			buildSettings = {
				ALWAYS_SEARCH_USER_PATHS = NO;
				CLANG_ANALYZER_NONNULL = YES;
				CLANG_ANALYZER_NUMBER_OBJECT_CONVERSION = YES_AGGRESSIVE;
				CLANG_CXX_LANGUAGE_STANDARD = "gnu++20";
				CLANG_ENABLE_MODULES = YES;
				CLANG_ENABLE_OBJC_ARC = YES;
				CLANG_ENABLE_OBJC_WEAK = YES;
				CLANG_WARN_BLOCK_CAPTURE_AUTORELEASING = YES;
				CLANG_WARN_BOOL_CONVERSION = YES;
				CLANG_WARN_COMMA = YES;
				CLANG_WARN_CONSTANT_CONVERSION = YES;
				CLANG_WARN_DEPRECATED_OBJC_IMPLEMENTATIONS = YES;
				CLANG_WARN_DIRECT_OBJC_ISA_USAGE = YES_ERROR;
				CLANG_WARN_DOCUMENTATION_COMMENTS = YES;
				CLANG_WARN_EMPTY_BODY = YES;
				CLANG_WARN_ENUM_CONVERSION = YES;
				CLANG_WARN_INFINITE_RECURSION = YES;
				CLANG_WARN_INT_CONVERSION = YES;
				CLANG_WARN_NON_LITERAL_NULL_CONVERSION = YES;
				CLANG_WARN_OBJC_IMPLICIT_RETAIN_SELF = YES;
				CLANG_WARN_OBJC_LITERAL_CONVERSION = YES;
				CLANG_WARN_OBJC_ROOT_CLASS = YES_ERROR;
				CLANG_WARN_QUOTED_INCLUDE_IN_FRAMEWORK_HEADER = YES;
				CLANG_WARN_RANGE_LOOP_ANALYSIS = YES;
				CLANG_WARN_STRICT_PROTOTYPES = YES;
				CLANG_WARN_SUSPICIOUS_MOVE = YES;
				CLANG_WARN_UNGUARDED_AVAILABILITY = YES_AGGRESSIVE;
				CLANG_WARN_UNREACHABLE_CODE = YES;
				CLANG_WARN__DUPLICATE_METHOD_MATCH = YES;
				COPY_PHASE_STRIP = NO;
				DEBUG_INFORMATION_FORMAT = "dwarf-with-dsym";
				ENABLE_NS_ASSERTIONS = NO;
				ENABLE_STRICT_OBJC_MSGSEND = YES;
				GCC_C_LANGUAGE_STANDARD = gnu11;
				GCC_NO_COMMON_BLOCKS = YES;
				GCC_WARN_64_TO_32_BIT_CONVERSION = YES;
				GCC_WARN_ABOUT_RETURN_TYPE = YES_ERROR;
				GCC_WARN_UNDECLARED_SELECTOR = YES;
				GCC_WARN_UNINITIALIZED_AUTOS = YES_AGGRESSIVE;
				GCC_WARN_UNUSED_FUNCTION = YES;
				GCC_WARN_UNUSED_VARIABLE = YES;
				IPHONEOS_DEPLOYMENT_TARGET = 16.2;
				MTL_ENABLE_DEBUG_INFO = NO;
				MTL_FAST_MATH = YES;
				SDKROOT = iphoneos;
				SWIFT_COMPILATION_MODE = wholemodule;
				SWIFT_OPTIMIZATION_LEVEL = "-O";
				VALIDATE_PRODUCT = YES;
			};
			name = Release;
		};
		B31BF6D02A36841E00764D73 /* Debug */ = {
			isa = XCBuildConfiguration;
			buildSettings = {
				ASSETCATALOG_COMPILER_APPICON_NAME = AppIcon;
				ASSETCATALOG_COMPILER_GLOBAL_ACCENT_COLOR_NAME = AccentColor;
				CODE_SIGN_STYLE = Automatic;
				CURRENT_PROJECT_VERSION = 1;
				DEVELOPMENT_ASSET_PATHS = "\"Patient Records/Preview Content\"";
				ENABLE_PREVIEWS = YES;
				GENERATE_INFOPLIST_FILE = YES;
				INFOPLIST_KEY_UIApplicationSceneManifest_Generation = YES;
				INFOPLIST_KEY_UIApplicationSupportsIndirectInputEvents = YES;
				INFOPLIST_KEY_UILaunchScreen_Generation = YES;
				INFOPLIST_KEY_UISupportedInterfaceOrientations_iPad = "UIInterfaceOrientationPortrait UIInterfaceOrientationPortraitUpsideDown UIInterfaceOrientationLandscapeLeft UIInterfaceOrientationLandscapeRight";
				INFOPLIST_KEY_UISupportedInterfaceOrientations_iPhone = "UIInterfaceOrientationPortrait UIInterfaceOrientationLandscapeLeft UIInterfaceOrientationLandscapeRight";
				LD_RUNPATH_SEARCH_PATHS = (
					"$(inherited)",
					"@executable_path/Frameworks",
				);
				MARKETING_VERSION = 1.0;
				PRODUCT_BUNDLE_IDENTIFIER = "sublime-software.Patient-Records";
				PRODUCT_NAME = "$(TARGET_NAME)";
				SWIFT_EMIT_LOC_STRINGS = YES;
				SWIFT_VERSION = 5.0;
				TARGETED_DEVICE_FAMILY = "1,2";
			};
			name = Debug;
		};
		B31BF6D12A36841E00764D73 /* Release */ = {
			isa = XCBuildConfiguration;
			buildSettings = {
				ASSETCATALOG_COMPILER_APPICON_NAME = AppIcon;
				ASSETCATALOG_COMPILER_GLOBAL_ACCENT_COLOR_NAME = AccentColor;
				CODE_SIGN_STYLE = Automatic;
				CURRENT_PROJECT_VERSION = 1;
				DEVELOPMENT_ASSET_PATHS = "\"Patient Records/Preview Content\"";
				ENABLE_PREVIEWS = YES;
				GENERATE_INFOPLIST_FILE = YES;
				INFOPLIST_KEY_UIApplicationSceneManifest_Generation = YES;
				INFOPLIST_KEY_UIApplicationSupportsIndirectInputEvents = YES;
				INFOPLIST_KEY_UILaunchScreen_Generation = YES;
				INFOPLIST_KEY_UISupportedInterfaceOrientations_iPad = "UIInterfaceOrientationPortrait UIInterfaceOrientationPortraitUpsideDown UIInterfaceOrientationLandscapeLeft UIInterfaceOrientationLandscapeRight";
				INFOPLIST_KEY_UISupportedInterfaceOrientations_iPhone = "UIInterfaceOrientationPortrait UIInterfaceOrientationLandscapeLeft UIInterfaceOrientationLandscapeRight";
				LD_RUNPATH_SEARCH_PATHS = (
					"$(inherited)",
					"@executable_path/Frameworks",
				);
				MARKETING_VERSION = 1.0;
				PRODUCT_BUNDLE_IDENTIFIER = "sublime-software.Patient-Records";
				PRODUCT_NAME = "$(TARGET_NAME)";
				SWIFT_EMIT_LOC_STRINGS = YES;
				SWIFT_VERSION = 5.0;
				TARGETED_DEVICE_FAMILY = "1,2";
			};
			name = Release;
		};
		B31BF6D32A36841E00764D73 /* Debug */ = {
			isa = XCBuildConfiguration;
			buildSettings = {
				ALWAYS_EMBED_SWIFT_STANDARD_LIBRARIES = YES;
				BUNDLE_LOADER = "$(TEST_HOST)";
				CODE_SIGN_STYLE = Automatic;
				CURRENT_PROJECT_VERSION = 1;
				GENERATE_INFOPLIST_FILE = YES;
				IPHONEOS_DEPLOYMENT_TARGET = 16.2;
				MARKETING_VERSION = 1.0;
				PRODUCT_BUNDLE_IDENTIFIER = "sublime-software.Patient-RecordsTests";
				PRODUCT_NAME = "$(TARGET_NAME)";
				SWIFT_EMIT_LOC_STRINGS = NO;
				SWIFT_VERSION = 5.0;
				TARGETED_DEVICE_FAMILY = "1,2";
				TEST_HOST = "$(BUILT_PRODUCTS_DIR)/Patient Records.app/$(BUNDLE_EXECUTABLE_FOLDER_PATH)/Patient Records";
			};
			name = Debug;
		};
		B31BF6D42A36841E00764D73 /* Release */ = {
			isa = XCBuildConfiguration;
			buildSettings = {
				ALWAYS_EMBED_SWIFT_STANDARD_LIBRARIES = YES;
				BUNDLE_LOADER = "$(TEST_HOST)";
				CODE_SIGN_STYLE = Automatic;
				CURRENT_PROJECT_VERSION = 1;
				GENERATE_INFOPLIST_FILE = YES;
				IPHONEOS_DEPLOYMENT_TARGET = 16.2;
				MARKETING_VERSION = 1.0;
				PRODUCT_BUNDLE_IDENTIFIER = "sublime-software.Patient-RecordsTests";
				PRODUCT_NAME = "$(TARGET_NAME)";
				SWIFT_EMIT_LOC_STRINGS = NO;
				SWIFT_VERSION = 5.0;
				TARGETED_DEVICE_FAMILY = "1,2";
				TEST_HOST = "$(BUILT_PRODUCTS_DIR)/Patient Records.app/$(BUNDLE_EXECUTABLE_FOLDER_PATH)/Patient Records";
			};
			name = Release;
		};
		B31BF6D62A36841E00764D73 /* Debug */ = {
			isa = XCBuildConfiguration;
			buildSettings = {
				ALWAYS_EMBED_SWIFT_STANDARD_LIBRARIES = YES;
				CODE_SIGN_STYLE = Automatic;
				CURRENT_PROJECT_VERSION = 1;
				GENERATE_INFOPLIST_FILE = YES;
				MARKETING_VERSION = 1.0;
				PRODUCT_BUNDLE_IDENTIFIER = "sublime-software.Patient-RecordsUITests";
				PRODUCT_NAME = "$(TARGET_NAME)";
				SWIFT_EMIT_LOC_STRINGS = NO;
				SWIFT_VERSION = 5.0;
				TARGETED_DEVICE_FAMILY = "1,2";
				TEST_TARGET_NAME = "Patient Records";
			};
			name = Debug;
		};
		B31BF6D72A36841E00764D73 /* Release */ = {
			isa = XCBuildConfiguration;
			buildSettings = {
				ALWAYS_EMBED_SWIFT_STANDARD_LIBRARIES = YES;
				CODE_SIGN_STYLE = Automatic;
				CURRENT_PROJECT_VERSION = 1;
				GENERATE_INFOPLIST_FILE = YES;
				MARKETING_VERSION = 1.0;
				PRODUCT_BUNDLE_IDENTIFIER = "sublime-software.Patient-RecordsUITests";
				PRODUCT_NAME = "$(TARGET_NAME)";
				SWIFT_EMIT_LOC_STRINGS = NO;
				SWIFT_VERSION = 5.0;
				TARGETED_DEVICE_FAMILY = "1,2";
				TEST_TARGET_NAME = "Patient Records";
			};
			name = Release;
		};
/* End XCBuildConfiguration section */

/* Begin XCConfigurationList section */
		B31BF6A62A36841A00764D73 /* Build configuration list for PBXProject "Patient Records" */ = {
			isa = XCConfigurationList;
			buildConfigurations = (
				B31BF6CD2A36841E00764D73 /* Debug */,
				B31BF6CE2A36841E00764D73 /* Release */,
			);
			defaultConfigurationIsVisible = 0;
			defaultConfigurationName = Release;
		};
		B31BF6CF2A36841E00764D73 /* Build configuration list for PBXNativeTarget "Patient Records" */ = {
			isa = XCConfigurationList;
			buildConfigurations = (
				B31BF6D02A36841E00764D73 /* Debug */,
				B31BF6D12A36841E00764D73 /* Release */,
			);
			defaultConfigurationIsVisible = 0;
			defaultConfigurationName = Release;
		};
		B31BF6D22A36841E00764D73 /* Build configuration list for PBXNativeTarget "Patient RecordsTests" */ = {
			isa = XCConfigurationList;
			buildConfigurations = (
				B31BF6D32A36841E00764D73 /* Debug */,
				B31BF6D42A36841E00764D73 /* Release */,
			);
			defaultConfigurationIsVisible = 0;
			defaultConfigurationName = Release;
		};
		B31BF6D52A36841E00764D73 /* Build configuration list for PBXNativeTarget "Patient RecordsUITests" */ = {
			isa = XCConfigurationList;
			buildConfigurations = (
				B31BF6D62A36841E00764D73 /* Debug */,
				B31BF6D72A36841E00764D73 /* Release */,
			);
			defaultConfigurationIsVisible = 0;
			defaultConfigurationName = Release;
		};
/* End XCConfigurationList section */
	};
	rootObject = B31BF6A32A36841A00764D73 /* Project object */;
}
